Microsoft Visual Studio Solution File, Format Version 12.00
# Visual Studio 16
Project("{8BC9CEB8-8B4A-11D0-8D11-00A0C91BC942}") = "ALL_BUILD", "ALL_BUILD.vcxproj", "{DC4B9BD1-9C23-32FE-8507-6266EBE72EE3}"
	ProjectSection(ProjectDependencies) = postProject
		{1AD57B3D-B654-3C33-BA74-D5FB7AA197EF} = {1AD57B3D-B654-3C33-BA74-D5FB7AA197EF}
		{C2AAE161-1FF2-361A-917B-5ABF10BA87FA} = {C2AAE161-1FF2-361A-917B-5ABF10BA87FA}
	EndProjectSection
EndProject
Project("{8BC9CEB8-8B4A-11D0-8D11-00A0C91BC942}") = "MorseCode", "MorseCode.vcxproj", "{1AD57B3D-B654-3C33-BA74-D5FB7AA197EF}"
	ProjectSection(ProjectDependencies) = postProject
		{C2AAE161-1FF2-361A-917B-5ABF10BA87FA} = {C2AAE161-1FF2-361A-917B-5ABF10BA87FA}
	EndProjectSection
EndProject
Project("{8BC9CEB8-8B4A-11D0-8D11-00A0C91BC942}") = "ZERO_CHECK", "ZERO_CHECK.vcxproj", "{C2AAE161-1FF2-361A-917B-5ABF10BA87FA}"
	ProjectSection(ProjectDependencies) = postProject
	EndProjectSection
EndProject
Global
	GlobalSection(SolutionConfigurationPlatforms) = preSolution
		Debug|x64 = Debug|x64
		Release|x64 = Release|x64
		MinSizeRel|x64 = MinSizeRel|x64
		RelWithDebInfo|x64 = RelWithDebInfo|x64
	EndGlobalSection
	GlobalSection(ProjectConfigurationPlatforms) = postSolution
		{DC4B9BD1-9C23-32FE-8507-6266EBE72EE3}.Debug|x64.ActiveCfg = Debug|x64
		{DC4B9BD1-9C23-32FE-8507-6266EBE72EE3}.Release|x64.ActiveCfg = Release|x64
		{DC4B9BD1-9C23-32FE-8507-6266EBE72EE3}.MinSizeRel|x64.ActiveCfg = MinSizeRel|x64
		{DC4B9BD1-9C23-32FE-8507-6266EBE72EE3}.RelWithDebInfo|x64.ActiveCfg = RelWithDebInfo|x64
		{1AD57B3D-B654-3C33-BA74-D5FB7AA197EF}.Debug|x64.ActiveCfg = Debug|x64
		{1AD57B3D-B654-3C33-BA74-D5FB7AA197EF}.Debug|x64.Build.0 = Debug|x64
		{1AD57B3D-B654-3C33-BA74-D5FB7AA197EF}.Release|x64.ActiveCfg = Release|x64
		{1AD57B3D-B654-3C33-BA74-D5FB7AA197EF}.Release|x64.Build.0 = Release|x64
		{1AD57B3D-B654-3C33-BA74-D5FB7AA197EF}.MinSizeRel|x64.ActiveCfg = MinSizeRel|x64
		{1AD57B3D-B654-3C33-BA74-D5FB7AA197EF}.MinSizeRel|x64.Build.0 = MinSizeRel|x64
		{1AD57B3D-B654-3C33-BA74-D5FB7AA197EF}.RelWithDebInfo|x64.ActiveCfg = RelWithDebInfo|x64
		{1AD57B3D-B654-3C33-BA74-D5FB7AA197EF}.RelWithDebInfo|x64.Build.0 = RelWithDebInfo|x64
		{C2AAE161-1FF2-361A-917B-5ABF10BA87FA}.Debug|x64.ActiveCfg = Debug|x64
		{C2AAE161-1FF2-361A-917B-5ABF10BA87FA}.Debug|x64.Build.0 = Debug|x64
		{C2AAE161-1FF2-361A-917B-5ABF10BA87FA}.Release|x64.ActiveCfg = Release|x64
		{C2AAE161-1FF2-361A-917B-5ABF10BA87FA}.Release|x64.Build.0 = Release|x64
		{C2AAE161-1FF2-361A-917B-5ABF10BA87FA}.MinSizeRel|x64.ActiveCfg = MinSizeRel|x64
		{C2AAE161-1FF2-361A-917B-5ABF10BA87FA}.MinSizeRel|x64.Build.0 = MinSizeRel|x64
		{C2AAE161-1FF2-361A-917B-5ABF10BA87FA}.RelWithDebInfo|x64.ActiveCfg = RelWithDebInfo|x64
		{C2AAE161-1FF2-361A-917B-5ABF10BA87FA}.RelWithDebInfo|x64.Build.0 = RelWithDebInfo|x64
	EndGlobalSection
	GlobalSection(ExtensibilityGlobals) = postSolution
		SolutionGuid = {C4EC1D15-1045-3B5E-8296-CA29D18A795E}
	EndGlobalSection
	GlobalSection(ExtensibilityAddIns) = postSolution
	EndGlobalSection
EndGlobal
