<?xml version="1.0" encoding="utf-8"?>
<Project ToolsVersion="16.0" xmlns="http://schemas.microsoft.com/developer/msbuild/2003">
  <ItemGroup>
    <CustomBuild Include="C:\Users\eliza\OneDrive\Desktop\MorseCode\tools\CMakeFiles\a2eff20c47b7e723857a33e7a5bb4cb5\generate.stamp.rule">
      <Filter>CMake Rules</Filter>
    </CustomBuild>
  </ItemGroup>
  <ItemGroup>
    <Filter Include="CMake Rules">
      <UniqueIdentifier>{838D6967-BBE0-3C9A-8D2D-385F5AF98147}</UniqueIdentifier>
    </Filter>
  </ItemGroup>
</Project>
